
Microsoft Visual Studio Solution File, Format Version 12.00
# Visual Studio Version 16
VisualStudioVersion = 16.0.32126.315
MinimumVisualStudioVersion = 10.0.40219.1
Project("{FAE04EC0-301F-11D3-BF4B-00C04F79EFBC}") = "Tweetbook", "Tweetbook\Tweetbook.csproj", "{7B702F6F-F9AF-47BB-986A-0AA51FD864A1}"
EndProject
Global
	GlobalSection(SolutionConfigurationPlatforms) = preSolution
		Debug|Any CPU = Debug|Any CPU
		Release|Any CPU = Release|Any CPU
	EndGlobalSection
	GlobalSection(ProjectConfigurationPlatforms) = postSolution
		{7B702F6F-F9AF-47BB-986A-0AA51FD864A1}.Debug|Any CPU.ActiveCfg = Debug|Any CPU
		{7B702F6F-F9AF-47BB-986A-0AA51FD864A1}.Debug|Any CPU.Build.0 = Debug|Any CPU
		{7B702F6F-F9AF-47BB-986A-0AA51FD864A1}.Release|Any CPU.ActiveCfg = Release|Any CPU
		{7B702F6F-F9AF-47BB-986A-0AA51FD864A1}.Release|Any CPU.Build.0 = Release|Any CPU
	EndGlobalSection
	GlobalSection(SolutionProperties) = preSolution
		HideSolutionNode = FALSE
	EndGlobalSection
	GlobalSection(ExtensibilityGlobals) = postSolution
		SolutionGuid = {1028D144-9852-433E-9040-7D0AC8AC3836}
	EndGlobalSection
EndGlobal
